
Microsoft Visual Studio Solution File, Format Version 12.00
# Visual Studio Version 16
VisualStudioVersion = 16.0.30406.217
MinimumVisualStudioVersion = 10.0.40219.1
Project("{FAE04EC0-301F-11D3-BF4B-00C04F79EFBC}") = "Bierenapplication", "Bierenapplication\Bierenapplication.csproj", "{5C3A15FD-F34E-4620-984A-B0C8846ABD55}"
EndProject
Global
	GlobalSection(SolutionConfigurationPlatforms) = preSolution
		Debug|Any CPU = Debug|Any CPU
		Release|Any CPU = Release|Any CPU
	EndGlobalSection
	GlobalSection(ProjectConfigurationPlatforms) = postSolution
		{5C3A15FD-F34E-4620-984A-B0C8846ABD55}.Debug|Any CPU.ActiveCfg = Debug|Any CPU
		{5C3A15FD-F34E-4620-984A-B0C8846ABD55}.Debug|Any CPU.Build.0 = Debug|Any CPU
		{5C3A15FD-F34E-4620-984A-B0C8846ABD55}.Release|Any CPU.ActiveCfg = Release|Any CPU
		{5C3A15FD-F34E-4620-984A-B0C8846ABD55}.Release|Any CPU.Build.0 = Release|Any CPU
	EndGlobalSection
	GlobalSection(SolutionProperties) = preSolution
		HideSolutionNode = FALSE
	EndGlobalSection
	GlobalSection(ExtensibilityGlobals) = postSolution
		SolutionGuid = {52EC794D-B774-4697-965D-0CC6359F9FAE}
	EndGlobalSection
EndGlobal
